
Microsoft Visual Studio Solution File, Format Version 12.00
# Visual Studio Version 16
VisualStudioVersion = 16.0.32413.511
MinimumVisualStudioVersion = 10.0.40219.1
Project("{FAE04EC0-301F-11D3-BF4B-00C04F79EFBC}") = "pMoviles_ITM.UWP", "pMoviles_ITM.UWP\pMoviles_ITM.UWP.csproj", "{7BAFE9B0-C9CD-4AB4-B0AE-3EBE2DAC1E95}"
EndProject
Project("{FAE04EC0-301F-11D3-BF4B-00C04F79EFBC}") = "pMoviles_ITM.Android", "pMoviles_ITM.Android\pMoviles_ITM.Android.csproj", "{3BF75B6B-4DC0-476E-A5C0-8599C7EB4766}"
EndProject
Project("{FAE04EC0-301F-11D3-BF4B-00C04F79EFBC}") = "pMoviles_ITM.iOS", "pMoviles_ITM.iOS\pMoviles_ITM.iOS.csproj", "{41CC626A-021B-4444-A83E-CF0875DD39E9}"
EndProject
Project("{FAE04EC0-301F-11D3-BF4B-00C04F79EFBC}") = "pMoviles_ITM", "pMoviles_ITM\pMoviles_ITM.csproj", "{3493C95D-AF78-4412-AAA1-52109C97078D}"
EndProject
Global
	GlobalSection(SolutionConfigurationPlatforms) = preSolution
		Debug|Any CPU = Debug|Any CPU
		Debug|ARM = Debug|ARM
		Debug|iPhone = Debug|iPhone
		Debug|iPhoneSimulator = Debug|iPhoneSimulator
		Debug|x64 = Debug|x64
		Debug|x86 = Debug|x86
		Release|Any CPU = Release|Any CPU
		Release|ARM = Release|ARM
		Release|iPhone = Release|iPhone
		Release|iPhoneSimulator = Release|iPhoneSimulator
		Release|x64 = Release|x64
		Release|x86 = Release|x86
	EndGlobalSection
	GlobalSection(ProjectConfigurationPlatforms) = postSolution
		{7BAFE9B0-C9CD-4AB4-B0AE-3EBE2DAC1E95}.Debug|Any CPU.ActiveCfg = Debug|x86
		{7BAFE9B0-C9CD-4AB4-B0AE-3EBE2DAC1E95}.Debug|Any CPU.Build.0 = Debug|x86
		{7BAFE9B0-C9CD-4AB4-B0AE-3EBE2DAC1E95}.Debug|Any CPU.Deploy.0 = Debug|x86
		{7BAFE9B0-C9CD-4AB4-B0AE-3EBE2DAC1E95}.Debug|ARM.ActiveCfg = Debug|ARM
		{7BAFE9B0-C9CD-4AB4-B0AE-3EBE2DAC1E95}.Debug|ARM.Build.0 = Debug|ARM
		{7BAFE9B0-C9CD-4AB4-B0AE-3EBE2DAC1E95}.Debug|ARM.Deploy.0 = Debug|ARM
		{7BAFE9B0-C9CD-4AB4-B0AE-3EBE2DAC1E95}.Debug|iPhone.ActiveCfg = Debug|x86
		{7BAFE9B0-C9CD-4AB4-B0AE-3EBE2DAC1E95}.Debug|iPhone.Build.0 = Debug|x86
		{7BAFE9B0-C9CD-4AB4-B0AE-3EBE2DAC1E95}.Debug|iPhone.Deploy.0 = Debug|x86
		{7BAFE9B0-C9CD-4AB4-B0AE-3EBE2DAC1E95}.Debug|iPhoneSimulator.ActiveCfg = Debug|x86
		{7BAFE9B0-C9CD-4AB4-B0AE-3EBE2DAC1E95}.Debug|iPhoneSimulator.Build.0 = Debug|x86
		{7BAFE9B0-C9CD-4AB4-B0AE-3EBE2DAC1E95}.Debug|iPhoneSimulator.Deploy.0 = Debug|x86
		{7BAFE9B0-C9CD-4AB4-B0AE-3EBE2DAC1E95}.Debug|x64.ActiveCfg = Debug|x64
		{7BAFE9B0-C9CD-4AB4-B0AE-3EBE2DAC1E95}.Debug|x64.Build.0 = Debug|x64
		{7BAFE9B0-C9CD-4AB4-B0AE-3EBE2DAC1E95}.Debug|x64.Deploy.0 = Debug|x64
		{7BAFE9B0-C9CD-4AB4-B0AE-3EBE2DAC1E95}.Debug|x86.ActiveCfg = Debug|x86
		{7BAFE9B0-C9CD-4AB4-B0AE-3EBE2DAC1E95}.Debug|x86.Build.0 = Debug|x86
		{7BAFE9B0-C9CD-4AB4-B0AE-3EBE2DAC1E95}.Debug|x86.Deploy.0 = Debug|x86
		{7BAFE9B0-C9CD-4AB4-B0AE-3EBE2DAC1E95}.Release|Any CPU.ActiveCfg = Release|x86
		{7BAFE9B0-C9CD-4AB4-B0AE-3EBE2DAC1E95}.Release|Any CPU.Build.0 = Release|x86
		{7BAFE9B0-C9CD-4AB4-B0AE-3EBE2DAC1E95}.Release|Any CPU.Deploy.0 = Release|x86
		{7BAFE9B0-C9CD-4AB4-B0AE-3EBE2DAC1E95}.Release|ARM.ActiveCfg = Release|ARM
		{7BAFE9B0-C9CD-4AB4-B0AE-3EBE2DAC1E95}.Release|ARM.Build.0 = Release|ARM
		{7BAFE9B0-C9CD-4AB4-B0AE-3EBE2DAC1E95}.Release|ARM.Deploy.0 = Release|ARM
		{7BAFE9B0-C9CD-4AB4-B0AE-3EBE2DAC1E95}.Release|iPhone.ActiveCfg = Release|x86
		{7BAFE9B0-C9CD-4AB4-B0AE-3EBE2DAC1E95}.Release|iPhone.Build.0 = Release|x86
		{7BAFE9B0-C9CD-4AB4-B0AE-3EBE2DAC1E95}.Release|iPhone.Deploy.0 = Release|x86
		{7BAFE9B0-C9CD-4AB4-B0AE-3EBE2DAC1E95}.Release|iPhoneSimulator.ActiveCfg = Release|x86
		{7BAFE9B0-C9CD-4AB4-B0AE-3EBE2DAC1E95}.Release|iPhoneSimulator.Build.0 = Release|x86
		{7BAFE9B0-C9CD-4AB4-B0AE-3EBE2DAC1E95}.Release|iPhoneSimulator.Deploy.0 = Release|x86
		{7BAFE9B0-C9CD-4AB4-B0AE-3EBE2DAC1E95}.Release|x64.ActiveCfg = Release|x64
		{7BAFE9B0-C9CD-4AB4-B0AE-3EBE2DAC1E95}.Release|x64.Build.0 = Release|x64
		{7BAFE9B0-C9CD-4AB4-B0AE-3EBE2DAC1E95}.Release|x64.Deploy.0 = Release|x64
		{7BAFE9B0-C9CD-4AB4-B0AE-3EBE2DAC1E95}.Release|x86.ActiveCfg = Release|x86
		{7BAFE9B0-C9CD-4AB4-B0AE-3EBE2DAC1E95}.Release|x86.Build.0 = Release|x86
		{7BAFE9B0-C9CD-4AB4-B0AE-3EBE2DAC1E95}.Release|x86.Deploy.0 = Release|x86
		{3BF75B6B-4DC0-476E-A5C0-8599C7EB4766}.Debug|Any CPU.ActiveCfg = Debug|Any CPU
		{3BF75B6B-4DC0-476E-A5C0-8599C7EB4766}.Debug|Any CPU.Build.0 = Debug|Any CPU
		{3BF75B6B-4DC0-476E-A5C0-8599C7EB4766}.Debug|Any CPU.Deploy.0 = Debug|Any CPU
		{3BF75B6B-4DC0-476E-A5C0-8599C7EB4766}.Debug|ARM.ActiveCfg = Debug|Any CPU
		{3BF75B6B-4DC0-476E-A5C0-8599C7EB4766}.Debug|ARM.Build.0 = Debug|Any CPU
		{3BF75B6B-4DC0-476E-A5C0-8599C7EB4766}.Debug|ARM.Deploy.0 = Debug|Any CPU
		{3BF75B6B-4DC0-476E-A5C0-8599C7EB4766}.Debug|iPhone.ActiveCfg = Debug|Any CPU
		{3BF75B6B-4DC0-476E-A5C0-8599C7EB4766}.Debug|iPhone.Build.0 = Debug|Any CPU
		{3BF75B6B-4DC0-476E-A5C0-8599C7EB4766}.Debug|iPhone.Deploy.0 = Debug|Any CPU
		{3BF75B6B-4DC0-476E-A5C0-8599C7EB4766}.Debug|iPhoneSimulator.ActiveCfg = Debug|Any CPU
		{3BF75B6B-4DC0-476E-A5C0-8599C7EB4766}.Debug|iPhoneSimulator.Build.0 = Debug|Any CPU
		{3BF75B6B-4DC0-476E-A5C0-8599C7EB4766}.Debug|iPhoneSimulator.Deploy.0 = Debug|Any CPU
		{3BF75B6B-4DC0-476E-A5C0-8599C7EB4766}.Debug|x64.ActiveCfg = Debug|Any CPU
		{3BF75B6B-4DC0-476E-A5C0-8599C7EB4766}.Debug|x64.Build.0 = Debug|Any CPU
		{3BF75B6B-4DC0-476E-A5C0-8599C7EB4766}.Debug|x64.Deploy.0 = Debug|Any CPU
		{3BF75B6B-4DC0-476E-A5C0-8599C7EB4766}.Debug|x86.ActiveCfg = Debug|Any CPU
		{3BF75B6B-4DC0-476E-A5C0-8599C7EB4766}.Debug|x86.Build.0 = Debug|Any CPU
		{3BF75B6B-4DC0-476E-A5C0-8599C7EB4766}.Debug|x86.Deploy.0 = Debug|Any CPU
		{3BF75B6B-4DC0-476E-A5C0-8599C7EB4766}.Release|Any CPU.ActiveCfg = Release|Any CPU
		{3BF75B6B-4DC0-476E-A5C0-8599C7EB4766}.Release|Any CPU.Build.0 = Release|Any CPU
		{3BF75B6B-4DC0-476E-A5C0-8599C7EB4766}.Release|Any CPU.Deploy.0 = Release|Any CPU
		{3BF75B6B-4DC0-476E-A5C0-8599C7EB4766}.Release|ARM.ActiveCfg = Release|Any CPU
		{3BF75B6B-4DC0-476E-A5C0-8599C7EB4766}.Release|ARM.Build.0 = Release|Any CPU
		{3BF75B6B-4DC0-476E-A5C0-8599C7EB4766}.Release|ARM.Deploy.0 = Release|Any CPU
		{3BF75B6B-4DC0-476E-A5C0-8599C7EB4766}.Release|iPhone.ActiveCfg = Release|Any CPU
		{3BF75B6B-4DC0-476E-A5C0-8599C7EB4766}.Release|iPhone.Build.0 = Release|Any CPU
		{3BF75B6B-4DC0-476E-A5C0-8599C7EB4766}.Release|iPhone.Deploy.0 = Release|Any CPU
		{3BF75B6B-4DC0-476E-A5C0-8599C7EB4766}.Release|iPhoneSimulator.ActiveCfg = Release|Any CPU
		{3BF75B6B-4DC0-476E-A5C0-8599C7EB4766}.Release|iPhoneSimulator.Build.0 = Release|Any CPU
		{3BF75B6B-4DC0-476E-A5C0-8599C7EB4766}.Release|iPhoneSimulator.Deploy.0 = Release|Any CPU
		{3BF75B6B-4DC0-476E-A5C0-8599C7EB4766}.Release|x64.ActiveCfg = Release|Any CPU
		{3BF75B6B-4DC0-476E-A5C0-8599C7EB4766}.Release|x64.Build.0 = Release|Any CPU
		{3BF75B6B-4DC0-476E-A5C0-8599C7EB4766}.Release|x64.Deploy.0 = Release|Any CPU
		{3BF75B6B-4DC0-476E-A5C0-8599C7EB4766}.Release|x86.ActiveCfg = Release|Any CPU
		{3BF75B6B-4DC0-476E-A5C0-8599C7EB4766}.Release|x86.Build.0 = Release|Any CPU
		{3BF75B6B-4DC0-476E-A5C0-8599C7EB4766}.Release|x86.Deploy.0 = Release|Any CPU
		{41CC626A-021B-4444-A83E-CF0875DD39E9}.Debug|Any CPU.ActiveCfg = Debug|iPhoneSimulator
		{41CC626A-021B-4444-A83E-CF0875DD39E9}.Debug|Any CPU.Build.0 = Debug|iPhoneSimulator
		{41CC626A-021B-4444-A83E-CF0875DD39E9}.Debug|Any CPU.Deploy.0 = Debug|iPhoneSimulator
		{41CC626A-021B-4444-A83E-CF0875DD39E9}.Debug|ARM.ActiveCfg = Debug|iPhone
		{41CC626A-021B-4444-A83E-CF0875DD39E9}.Debug|ARM.Build.0 = Debug|iPhone
		{41CC626A-021B-4444-A83E-CF0875DD39E9}.Debug|ARM.Deploy.0 = Debug|iPhone
		{41CC626A-021B-4444-A83E-CF0875DD39E9}.Debug|iPhone.ActiveCfg = Debug|iPhone
		{41CC626A-021B-4444-A83E-CF0875DD39E9}.Debug|iPhone.Build.0 = Debug|iPhone
		{41CC626A-021B-4444-A83E-CF0875DD39E9}.Debug|iPhone.Deploy.0 = Debug|iPhone
		{41CC626A-021B-4444-A83E-CF0875DD39E9}.Debug|iPhoneSimulator.ActiveCfg = Debug|iPhoneSimulator
		{41CC626A-021B-4444-A83E-CF0875DD39E9}.Debug|iPhoneSimulator.Build.0 = Debug|iPhoneSimulator
		{41CC626A-021B-4444-A83E-CF0875DD39E9}.Debug|iPhoneSimulator.Deploy.0 = Debug|iPhoneSimulator
		{41CC626A-021B-4444-A83E-CF0875DD39E9}.Debug|x64.ActiveCfg = Debug|iPhoneSimulator
		{41CC626A-021B-4444-A83E-CF0875DD39E9}.Debug|x64.Build.0 = Debug|iPhoneSimulator
		{41CC626A-021B-4444-A83E-CF0875DD39E9}.Debug|x64.Deploy.0 = Debug|iPhoneSimulator
		{41CC626A-021B-4444-A83E-CF0875DD39E9}.Debug|x86.ActiveCfg = Debug|iPhoneSimulator
		{41CC626A-021B-4444-A83E-CF0875DD39E9}.Debug|x86.Build.0 = Debug|iPhoneSimulator
		{41CC626A-021B-4444-A83E-CF0875DD39E9}.Debug|x86.Deploy.0 = Debug|iPhoneSimulator
		{41CC626A-021B-4444-A83E-CF0875DD39E9}.Release|Any CPU.ActiveCfg = Release|iPhoneSimulator
		{41CC626A-021B-4444-A83E-CF0875DD39E9}.Release|Any CPU.Build.0 = Release|iPhoneSimulator
		{41CC626A-021B-4444-A83E-CF0875DD39E9}.Release|Any CPU.Deploy.0 = Release|iPhoneSimulator
		{41CC626A-021B-4444-A83E-CF0875DD39E9}.Release|ARM.ActiveCfg = Release|iPhoneSimulator
		{41CC626A-021B-4444-A83E-CF0875DD39E9}.Release|ARM.Build.0 = Release|iPhoneSimulator
		{41CC626A-021B-4444-A83E-CF0875DD39E9}.Release|ARM.Deploy.0 = Release|iPhoneSimulator
		{41CC626A-021B-4444-A83E-CF0875DD39E9}.Release|iPhone.ActiveCfg = Release|iPhone
		{41CC626A-021B-4444-A83E-CF0875DD39E9}.Release|iPhone.Build.0 = Release|iPhone
		{41CC626A-021B-4444-A83E-CF0875DD39E9}.Release|iPhone.Deploy.0 = Release|iPhone
		{41CC626A-021B-4444-A83E-CF0875DD39E9}.Release|iPhoneSimulator.ActiveCfg = Release|iPhoneSimulator
		{41CC626A-021B-4444-A83E-CF0875DD39E9}.Release|iPhoneSimulator.Build.0 = Release|iPhoneSimulator
		{41CC626A-021B-4444-A83E-CF0875DD39E9}.Release|iPhoneSimulator.Deploy.0 = Release|iPhoneSimulator
		{41CC626A-021B-4444-A83E-CF0875DD39E9}.Release|x64.ActiveCfg = Release|iPhoneSimulator
		{41CC626A-021B-4444-A83E-CF0875DD39E9}.Release|x64.Build.0 = Release|iPhoneSimulator
		{41CC626A-021B-4444-A83E-CF0875DD39E9}.Release|x64.Deploy.0 = Release|iPhoneSimulator
		{41CC626A-021B-4444-A83E-CF0875DD39E9}.Release|x86.ActiveCfg = Release|iPhoneSimulator
		{41CC626A-021B-4444-A83E-CF0875DD39E9}.Release|x86.Build.0 = Release|iPhoneSimulator
		{41CC626A-021B-4444-A83E-CF0875DD39E9}.Release|x86.Deploy.0 = Release|iPhoneSimulator
		{3493C95D-AF78-4412-AAA1-52109C97078D}.Debug|Any CPU.ActiveCfg = Debug|Any CPU
		{3493C95D-AF78-4412-AAA1-52109C97078D}.Debug|Any CPU.Build.0 = Debug|Any CPU
		{3493C95D-AF78-4412-AAA1-52109C97078D}.Debug|Any CPU.Deploy.0 = Debug|Any CPU
		{3493C95D-AF78-4412-AAA1-52109C97078D}.Debug|ARM.ActiveCfg = Debug|Any CPU
		{3493C95D-AF78-4412-AAA1-52109C97078D}.Debug|ARM.Build.0 = Debug|Any CPU
		{3493C95D-AF78-4412-AAA1-52109C97078D}.Debug|ARM.Deploy.0 = Debug|Any CPU
		{3493C95D-AF78-4412-AAA1-52109C97078D}.Debug|iPhone.ActiveCfg = Debug|Any CPU
		{3493C95D-AF78-4412-AAA1-52109C97078D}.Debug|iPhone.Build.0 = Debug|Any CPU
		{3493C95D-AF78-4412-AAA1-52109C97078D}.Debug|iPhone.Deploy.0 = Debug|Any CPU
		{3493C95D-AF78-4412-AAA1-52109C97078D}.Debug|iPhoneSimulator.ActiveCfg = Debug|Any CPU
		{3493C95D-AF78-4412-AAA1-52109C97078D}.Debug|iPhoneSimulator.Build.0 = Debug|Any CPU
		{3493C95D-AF78-4412-AAA1-52109C97078D}.Debug|iPhoneSimulator.Deploy.0 = Debug|Any CPU
		{3493C95D-AF78-4412-AAA1-52109C97078D}.Debug|x64.ActiveCfg = Debug|Any CPU
		{3493C95D-AF78-4412-AAA1-52109C97078D}.Debug|x64.Build.0 = Debug|Any CPU
		{3493C95D-AF78-4412-AAA1-52109C97078D}.Debug|x64.Deploy.0 = Debug|Any CPU
		{3493C95D-AF78-4412-AAA1-52109C97078D}.Debug|x86.ActiveCfg = Debug|Any CPU
		{3493C95D-AF78-4412-AAA1-52109C97078D}.Debug|x86.Build.0 = Debug|Any CPU
		{3493C95D-AF78-4412-AAA1-52109C97078D}.Debug|x86.Deploy.0 = Debug|Any CPU
		{3493C95D-AF78-4412-AAA1-52109C97078D}.Release|Any CPU.ActiveCfg = Release|Any CPU
		{3493C95D-AF78-4412-AAA1-52109C97078D}.Release|Any CPU.Build.0 = Release|Any CPU
		{3493C95D-AF78-4412-AAA1-52109C97078D}.Release|Any CPU.Deploy.0 = Release|Any CPU
		{3493C95D-AF78-4412-AAA1-52109C97078D}.Release|ARM.ActiveCfg = Release|Any CPU
		{3493C95D-AF78-4412-AAA1-52109C97078D}.Release|ARM.Build.0 = Release|Any CPU
		{3493C95D-AF78-4412-AAA1-52109C97078D}.Release|ARM.Deploy.0 = Release|Any CPU
		{3493C95D-AF78-4412-AAA1-52109C97078D}.Release|iPhone.ActiveCfg = Release|Any CPU
		{3493C95D-AF78-4412-AAA1-52109C97078D}.Release|iPhone.Build.0 = Release|Any CPU
		{3493C95D-AF78-4412-AAA1-52109C97078D}.Release|iPhone.Deploy.0 = Release|Any CPU
		{3493C95D-AF78-4412-AAA1-52109C97078D}.Release|iPhoneSimulator.ActiveCfg = Release|Any CPU
		{3493C95D-AF78-4412-AAA1-52109C97078D}.Release|iPhoneSimulator.Build.0 = Release|Any CPU
		{3493C95D-AF78-4412-AAA1-52109C97078D}.Release|iPhoneSimulator.Deploy.0 = Release|Any CPU
		{3493C95D-AF78-4412-AAA1-52109C97078D}.Release|x64.ActiveCfg = Release|Any CPU
		{3493C95D-AF78-4412-AAA1-52109C97078D}.Release|x64.Build.0 = Release|Any CPU
		{3493C95D-AF78-4412-AAA1-52109C97078D}.Release|x64.Deploy.0 = Release|Any CPU
		{3493C95D-AF78-4412-AAA1-52109C97078D}.Release|x86.ActiveCfg = Release|Any CPU
		{3493C95D-AF78-4412-AAA1-52109C97078D}.Release|x86.Build.0 = Release|Any CPU
		{3493C95D-AF78-4412-AAA1-52109C97078D}.Release|x86.Deploy.0 = Release|Any CPU
	EndGlobalSection
	GlobalSection(SolutionProperties) = preSolution
		HideSolutionNode = FALSE
	EndGlobalSection
	GlobalSection(ExtensibilityGlobals) = postSolution
		SolutionGuid = {B2696F0C-CE4B-4D41-ACB0-9D8EAC10CE08}
	EndGlobalSection
EndGlobal
